// !$*UTF8*$!
{
	archiveVersion = 1;
	classes = {
	};
	objectVersion = 51;
	objects = {

/* Begin PBXBuildFile section */
		6E0501BF255DC7F1002EFE42 /* AppDelegate.swift in Sources */ = {isa = PBXBuildFile; fileRef = 6E0501BE255DC7F1002EFE42 /* AppDelegate.swift */; };
		6E0501C1255DC7F1002EFE42 /* SceneDelegate.swift in Sources */ = {isa = PBXBuildFile; fileRef = 6E0501C0255DC7F1002EFE42 /* SceneDelegate.swift */; };
		6E0501C6255DC7F1002EFE42 /* Main.storyboard in Resources */ = {isa = PBXBuildFile; fileRef = 6E0501C4255DC7F1002EFE42 /* Main.storyboard */; };
		6E0501C8255DC7F2002EFE42 /* Assets.xcassets in Resources */ = {isa = PBXBuildFile; fileRef = 6E0501C7255DC7F2002EFE42 /* Assets.xcassets */; };
		6E0501CB255DC7F2002EFE42 /* LaunchScreen.storyboard in Resources */ = {isa = PBXBuildFile; fileRef = 6E0501C9255DC7F2002EFE42 /* LaunchScreen.storyboard */; };
		6E0501D4255DCBA0002EFE42 /* GoogleService-Info.plist in Resources */ = {isa = PBXBuildFile; fileRef = 6E0501D3255DCBA0002EFE42 /* GoogleService-Info.plist */; };
		6E05911F255F38B2007EE14E /* CameraView.swift in Sources */ = {isa = PBXBuildFile; fileRef = 6E05911E255F38B2007EE14E /* CameraView.swift */; };
		6EC6ACA9255F58A10075F021 /* CameraViewController.swift in Sources */ = {isa = PBXBuildFile; fileRef = 6EC6ACA8255F58A10075F021 /* CameraViewController.swift */; };
		6EC6ACB0255F60260075F021 /* HandGestureProcessor.swift in Sources */ = {isa = PBXBuildFile; fileRef = 6EC6ACAF255F60260075F021 /* HandGestureProcessor.swift */; };
		6EC6ACB6256029170075F021 /* RecordButton.swift in Sources */ = {isa = PBXBuildFile; fileRef = 6EC6ACB5256029170075F021 /* RecordButton.swift */; };
		6EC6ACBA256092B40075F021 /* VideoEditController.swift in Sources */ = {isa = PBXBuildFile; fileRef = 6EC6ACB9256092B30075F021 /* VideoEditController.swift */; };
		D84328C9E896AE6B16900DAC /* Pods_TeachMe.framework in Frameworks */ = {isa = PBXBuildFile; fileRef = 290980FA342D0487716055BE /* Pods_TeachMe.framework */; };
/* End PBXBuildFile section */

/* Begin PBXFileReference section */
		290980FA342D0487716055BE /* Pods_TeachMe.framework */ = {isa = PBXFileReference; explicitFileType = wrapper.framework; includeInIndex = 0; path = Pods_TeachMe.framework; sourceTree = BUILT_PRODUCTS_DIR; };
		3CEE109A9E23023E6AE92EB4 /* Pods-TeachMe.debug.xcconfig */ = {isa = PBXFileReference; includeInIndex = 1; lastKnownFileType = text.xcconfig; name = "Pods-TeachMe.debug.xcconfig"; path = "Target Support Files/Pods-TeachMe/Pods-TeachMe.debug.xcconfig"; sourceTree = "<group>"; };
		3ED97F79DAE8EAD181373123 /* Pods-TeachMe.release.xcconfig */ = {isa = PBXFileReference; includeInIndex = 1; lastKnownFileType = text.xcconfig; name = "Pods-TeachMe.release.xcconfig"; path = "Target Support Files/Pods-TeachMe/Pods-TeachMe.release.xcconfig"; sourceTree = "<group>"; };
		6E0501BB255DC7F1002EFE42 /* TeachMe.app */ = {isa = PBXFileReference; explicitFileType = wrapper.application; includeInIndex = 0; path = TeachMe.app; sourceTree = BUILT_PRODUCTS_DIR; };
		6E0501BE255DC7F1002EFE42 /* AppDelegate.swift */ = {isa = PBXFileReference; lastKnownFileType = sourcecode.swift; path = AppDelegate.swift; sourceTree = "<group>"; };
		6E0501C0255DC7F1002EFE42 /* SceneDelegate.swift */ = {isa = PBXFileReference; lastKnownFileType = sourcecode.swift; path = SceneDelegate.swift; sourceTree = "<group>"; };
		6E0501C5255DC7F1002EFE42 /* Base */ = {isa = PBXFileReference; lastKnownFileType = file.storyboard; name = Base; path = Base.lproj/Main.storyboard; sourceTree = "<group>"; };
		6E0501C7255DC7F2002EFE42 /* Assets.xcassets */ = {isa = PBXFileReference; lastKnownFileType = folder.assetcatalog; path = Assets.xcassets; sourceTree = "<group>"; };
		6E0501CA255DC7F2002EFE42 /* Base */ = {isa = PBXFileReference; lastKnownFileType = file.storyboard; name = Base; path = Base.lproj/LaunchScreen.storyboard; sourceTree = "<group>"; };
		6E0501CC255DC7F2002EFE42 /* Info.plist */ = {isa = PBXFileReference; lastKnownFileType = text.plist.xml; path = Info.plist; sourceTree = "<group>"; };
		6E0501D3255DCBA0002EFE42 /* GoogleService-Info.plist */ = {isa = PBXFileReference; fileEncoding = 4; lastKnownFileType = text.plist.xml; path = "GoogleService-Info.plist"; sourceTree = "<group>"; };
		6E05911E255F38B2007EE14E /* CameraView.swift */ = {isa = PBXFileReference; lastKnownFileType = sourcecode.swift; path = CameraView.swift; sourceTree = "<group>"; };
		6EC6ACA8255F58A10075F021 /* CameraViewController.swift */ = {isa = PBXFileReference; lastKnownFileType = sourcecode.swift; path = CameraViewController.swift; sourceTree = "<group>"; };
		6EC6ACAF255F60260075F021 /* HandGestureProcessor.swift */ = {isa = PBXFileReference; lastKnownFileType = sourcecode.swift; path = HandGestureProcessor.swift; sourceTree = "<group>"; };
		6EC6ACB5256029170075F021 /* RecordButton.swift */ = {isa = PBXFileReference; lastKnownFileType = sourcecode.swift; path = RecordButton.swift; sourceTree = "<group>"; };
		6EC6ACB9256092B30075F021 /* VideoEditController.swift */ = {isa = PBXFileReference; lastKnownFileType = sourcecode.swift; path = VideoEditController.swift; sourceTree = "<group>"; };
/* End PBXFileReference section */

/* Begin PBXFrameworksBuildPhase section */
		6E0501B8255DC7F1002EFE42 /* Frameworks */ = {
			isa = PBXFrameworksBuildPhase;
			buildActionMask = 2147483647;
			files = (
				D84328C9E896AE6B16900DAC /* Pods_TeachMe.framework in Frameworks */,
			);
			runOnlyForDeploymentPostprocessing = 0;
		};
/* End PBXFrameworksBuildPhase section */

/* Begin PBXGroup section */
		1746F3BC7A66E52BA4D1D371 /* Pods */ = {
			isa = PBXGroup;
			children = (
				3CEE109A9E23023E6AE92EB4 /* Pods-TeachMe.debug.xcconfig */,
				3ED97F79DAE8EAD181373123 /* Pods-TeachMe.release.xcconfig */,
			);
			path = Pods;
			sourceTree = "<group>";
		};
		6E0501B2255DC7F1002EFE42 = {
			isa = PBXGroup;
			children = (
				6E0501BD255DC7F1002EFE42 /* TeachMe */,
				6E0501BC255DC7F1002EFE42 /* Products */,
				1746F3BC7A66E52BA4D1D371 /* Pods */,
				EC6B464E0A5525024180A826 /* Frameworks */,
			);
			sourceTree = "<group>";
		};
		6E0501BC255DC7F1002EFE42 /* Products */ = {
			isa = PBXGroup;
			children = (
				6E0501BB255DC7F1002EFE42 /* TeachMe.app */,
			);
			name = Products;
			sourceTree = "<group>";
		};
		6E0501BD255DC7F1002EFE42 /* TeachMe */ = {
			isa = PBXGroup;
			children = (
				6EC6ACB42560289D0075F021 /* Widgets */,
				6E05911D255F388D007EE14E /* Storyboard */,
				6E05911C255F382E007EE14E /* Controllers */,
				6E05911B255F3824007EE14E /* Views */,
				6E05910F255EE4A3007EE14E /* Camera */,
				6E0501D3255DCBA0002EFE42 /* GoogleService-Info.plist */,
				6E0501BE255DC7F1002EFE42 /* AppDelegate.swift */,
				6E0501C0255DC7F1002EFE42 /* SceneDelegate.swift */,
				6E0501C7255DC7F2002EFE42 /* Assets.xcassets */,
				6E0501CC255DC7F2002EFE42 /* Info.plist */,
			);
			path = TeachMe;
			sourceTree = "<group>";
		};
		6E05910F255EE4A3007EE14E /* Camera */ = {
			isa = PBXGroup;
			children = (
				6EC6ACAF255F60260075F021 /* HandGestureProcessor.swift */,
			);
			path = Camera;
			sourceTree = "<group>";
		};
		6E05911B255F3824007EE14E /* Views */ = {
			isa = PBXGroup;
			children = (
				6E05911E255F38B2007EE14E /* CameraView.swift */,
			);
			path = Views;
			sourceTree = "<group>";
		};
		6E05911C255F382E007EE14E /* Controllers */ = {
			isa = PBXGroup;
			children = (
				6EC6ACA8255F58A10075F021 /* CameraViewController.swift */,
				6EC6ACB9256092B30075F021 /* VideoEditController.swift */,
			);
			path = Controllers;
			sourceTree = "<group>";
		};
		6E05911D255F388D007EE14E /* Storyboard */ = {
			isa = PBXGroup;
			children = (
				6E0501C4255DC7F1002EFE42 /* Main.storyboard */,
				6E0501C9255DC7F2002EFE42 /* LaunchScreen.storyboard */,
			);
			path = Storyboard;
			sourceTree = "<group>";
		};
		6EC6ACB42560289D0075F021 /* Widgets */ = {
			isa = PBXGroup;
			children = (
				6EC6ACB5256029170075F021 /* RecordButton.swift */,
			);
			path = Widgets;
			sourceTree = "<group>";
		};
		EC6B464E0A5525024180A826 /* Frameworks */ = {
			isa = PBXGroup;
			children = (
				290980FA342D0487716055BE /* Pods_TeachMe.framework */,
			);
			name = Frameworks;
			sourceTree = "<group>";
		};
/* End PBXGroup section */

/* Begin PBXNativeTarget section */
		6E0501BA255DC7F1002EFE42 /* TeachMe */ = {
			isa = PBXNativeTarget;
			buildConfigurationList = 6E0501CF255DC7F2002EFE42 /* Build configuration list for PBXNativeTarget "TeachMe" */;
			buildPhases = (
				F5A5BFDB3E1A767899D8B7FF /* [CP] Check Pods Manifest.lock */,
				6E0501B7255DC7F1002EFE42 /* Sources */,
				6E0501B8255DC7F1002EFE42 /* Frameworks */,
				6E0501B9255DC7F1002EFE42 /* Resources */,
				F8BD0F1456DB5C883B0D9298 /* [CP] Embed Pods Frameworks */,
			);
			buildRules = (
			);
			dependencies = (
			);
			name = TeachMe;
			productName = TeachMe;
			productReference = 6E0501BB255DC7F1002EFE42 /* TeachMe.app */;
			productType = "com.apple.product-type.application";
		};
/* End PBXNativeTarget section */

/* Begin PBXProject section */
		6E0501B3255DC7F1002EFE42 /* Project object */ = {
			isa = PBXProject;
			attributes = {
				LastSwiftUpdateCheck = 1210;
				LastUpgradeCheck = 1210;
				TargetAttributes = {
					6E0501BA255DC7F1002EFE42 = {
						CreatedOnToolsVersion = 12.1;
					};
				};
			};
			buildConfigurationList = 6E0501B6255DC7F1002EFE42 /* Build configuration list for PBXProject "TeachMe" */;
			compatibilityVersion = "Xcode 9.3";
			developmentRegion = en;
			hasScannedForEncodings = 0;
			knownRegions = (
				en,
				Base,
			);
			mainGroup = 6E0501B2255DC7F1002EFE42;
			productRefGroup = 6E0501BC255DC7F1002EFE42 /* Products */;
			projectDirPath = "";
			projectRoot = "";
			targets = (
				6E0501BA255DC7F1002EFE42 /* TeachMe */,
			);
		};
/* End PBXProject section */

/* Begin PBXResourcesBuildPhase section */
		6E0501B9255DC7F1002EFE42 /* Resources */ = {
			isa = PBXResourcesBuildPhase;
			buildActionMask = 2147483647;
			files = (
				6E0501CB255DC7F2002EFE42 /* LaunchScreen.storyboard in Resources */,
				6E0501D4255DCBA0002EFE42 /* GoogleService-Info.plist in Resources */,
				6E0501C8255DC7F2002EFE42 /* Assets.xcassets in Resources */,
				6E0501C6255DC7F1002EFE42 /* Main.storyboard in Resources */,
			);
			runOnlyForDeploymentPostprocessing = 0;
		};
/* End PBXResourcesBuildPhase section */

/* Begin PBXShellScriptBuildPhase section */
		F5A5BFDB3E1A767899D8B7FF /* [CP] Check Pods Manifest.lock */ = {
			isa = PBXShellScriptBuildPhase;
			buildActionMask = 2147483647;
			files = (
			);
			inputFileListPaths = (
			);
			inputPaths = (
				"${PODS_PODFILE_DIR_PATH}/Podfile.lock",
				"${PODS_ROOT}/Manifest.lock",
			);
			name = "[CP] Check Pods Manifest.lock";
			outputFileListPaths = (
			);
			outputPaths = (
				"$(DERIVED_FILE_DIR)/Pods-TeachMe-checkManifestLockResult.txt",
			);
			runOnlyForDeploymentPostprocessing = 0;
			shellPath = /bin/sh;
			shellScript = "diff \"${PODS_PODFILE_DIR_PATH}/Podfile.lock\" \"${PODS_ROOT}/Manifest.lock\" > /dev/null\nif [ $? != 0 ] ; then\n    # print error to STDERR\n    echo \"error: The sandbox is not in sync with the Podfile.lock. Run 'pod install' or update your CocoaPods installation.\" >&2\n    exit 1\nfi\n# This output is used by Xcode 'outputs' to avoid re-running this script phase.\necho \"SUCCESS\" > \"${SCRIPT_OUTPUT_FILE_0}\"\n";
			showEnvVarsInLog = 0;
		};
		F8BD0F1456DB5C883B0D9298 /* [CP] Embed Pods Frameworks */ = {
			isa = PBXShellScriptBuildPhase;
			buildActionMask = 2147483647;
			files = (
			);
			inputFileListPaths = (
				"${PODS_ROOT}/Target Support Files/Pods-TeachMe/Pods-TeachMe-frameworks-${CONFIGURATION}-input-files.xcfilelist",
			);
			name = "[CP] Embed Pods Frameworks";
			outputFileListPaths = (
				"${PODS_ROOT}/Target Support Files/Pods-TeachMe/Pods-TeachMe-frameworks-${CONFIGURATION}-output-files.xcfilelist",
			);
			runOnlyForDeploymentPostprocessing = 0;
			shellPath = /bin/sh;
			shellScript = "\"${PODS_ROOT}/Target Support Files/Pods-TeachMe/Pods-TeachMe-frameworks.sh\"\n";
			showEnvVarsInLog = 0;
		};
/* End PBXShellScriptBuildPhase section */

/* Begin PBXSourcesBuildPhase section */
		6E0501B7255DC7F1002EFE42 /* Sources */ = {
			isa = PBXSourcesBuildPhase;
			buildActionMask = 2147483647;
			files = (
				6EC6ACB0255F60260075F021 /* HandGestureProcessor.swift in Sources */,
				6E05911F255F38B2007EE14E /* CameraView.swift in Sources */,
				6EC6ACB6256029170075F021 /* RecordButton.swift in Sources */,
				6E0501BF255DC7F1002EFE42 /* AppDelegate.swift in Sources */,
				6E0501C1255DC7F1002EFE42 /* SceneDelegate.swift in Sources */,
				6EC6ACBA256092B40075F021 /* VideoEditController.swift in Sources */,
				6EC6ACA9255F58A10075F021 /* CameraViewController.swift in Sources */,
			);
			runOnlyForDeploymentPostprocessing = 0;
		};
/* End PBXSourcesBuildPhase section */

/* Begin PBXVariantGroup section */
		6E0501C4255DC7F1002EFE42 /* Main.storyboard */ = {
			isa = PBXVariantGroup;
			children = (
				6E0501C5255DC7F1002EFE42 /* Base */,
			);
			name = Main.storyboard;
			sourceTree = "<group>";
		};
		6E0501C9255DC7F2002EFE42 /* LaunchScreen.storyboard */ = {
			isa = PBXVariantGroup;
			children = (
				6E0501CA255DC7F2002EFE42 /* Base */,
			);
			name = LaunchScreen.storyboard;
			sourceTree = "<group>";
		};
/* End PBXVariantGroup section */

/* Begin XCBuildConfiguration section */
		6E0501CD255DC7F2002EFE42 /* Debug */ = {
			isa = XCBuildConfiguration;
			buildSettings = {
				ALWAYS_SEARCH_USER_PATHS = NO;
				CLANG_ANALYZER_NONNULL = YES;
				CLANG_ANALYZER_NUMBER_OBJECT_CONVERSION = YES_AGGRESSIVE;
				CLANG_CXX_LANGUAGE_STANDARD = "gnu++14";
				CLANG_CXX_LIBRARY = "libc++";
				CLANG_ENABLE_MODULES = YES;
				CLANG_ENABLE_OBJC_ARC = YES;
				CLANG_ENABLE_OBJC_WEAK = YES;
				CLANG_WARN_BLOCK_CAPTURE_AUTORELEASING = YES;
				CLANG_WARN_BOOL_CONVERSION = YES;
				CLANG_WARN_COMMA = YES;
				CLANG_WARN_CONSTANT_CONVERSION = YES;
				CLANG_WARN_DEPRECATED_OBJC_IMPLEMENTATIONS = YES;
				CLANG_WARN_DIRECT_OBJC_ISA_USAGE = YES_ERROR;
				CLANG_WARN_DOCUMENTATION_COMMENTS = YES;
				CLANG_WARN_EMPTY_BODY = YES;
				CLANG_WARN_ENUM_CONVERSION = YES;
				CLANG_WARN_INFINITE_RECURSION = YES;
				CLANG_WARN_INT_CONVERSION = YES;
				CLANG_WARN_NON_LITERAL_NULL_CONVERSION = YES;
				CLANG_WARN_OBJC_IMPLICIT_RETAIN_SELF = YES;
				CLANG_WARN_OBJC_LITERAL_CONVERSION = YES;
				CLANG_WARN_OBJC_ROOT_CLASS = YES_ERROR;
				CLANG_WARN_QUOTED_INCLUDE_IN_FRAMEWORK_HEADER = YES;
				CLANG_WARN_RANGE_LOOP_ANALYSIS = YES;
				CLANG_WARN_STRICT_PROTOTYPES = YES;
				CLANG_WARN_SUSPICIOUS_MOVE = YES;
				CLANG_WARN_UNGUARDED_AVAILABILITY = YES_AGGRESSIVE;
				CLANG_WARN_UNREACHABLE_CODE = YES;
				CLANG_WARN__DUPLICATE_METHOD_MATCH = YES;
				COPY_PHASE_STRIP = NO;
				DEBUG_INFORMATION_FORMAT = dwarf;
				ENABLE_STRICT_OBJC_MSGSEND = YES;
				ENABLE_TESTABILITY = YES;
				GCC_C_LANGUAGE_STANDARD = gnu11;
				GCC_DYNAMIC_NO_PIC = NO;
				GCC_NO_COMMON_BLOCKS = YES;
				GCC_OPTIMIZATION_LEVEL = 0;
				GCC_PREPROCESSOR_DEFINITIONS = (
					"DEBUG=1",
					"$(inherited)",
				);
				GCC_WARN_64_TO_32_BIT_CONVERSION = YES;
				GCC_WARN_ABOUT_RETURN_TYPE = YES_ERROR;
				GCC_WARN_UNDECLARED_SELECTOR = YES;
				GCC_WARN_UNINITIALIZED_AUTOS = YES_AGGRESSIVE;
				GCC_WARN_UNUSED_FUNCTION = YES;
				GCC_WARN_UNUSED_VARIABLE = YES;
				IPHONEOS_DEPLOYMENT_TARGET = 14.1;
				MTL_ENABLE_DEBUG_INFO = INCLUDE_SOURCE;
				MTL_FAST_MATH = YES;
				ONLY_ACTIVE_ARCH = YES;
				SDKROOT = iphoneos;
				SWIFT_ACTIVE_COMPILATION_CONDITIONS = DEBUG;
				SWIFT_OPTIMIZATION_LEVEL = "-Onone";
			};
			name = Debug;
		};
		6E0501CE255DC7F2002EFE42 /* Release */ = {
			isa = XCBuildConfiguration;
			buildSettings = {
				ALWAYS_SEARCH_USER_PATHS = NO;
				CLANG_ANALYZER_NONNULL = YES;
				CLANG_ANALYZER_NUMBER_OBJECT_CONVERSION = YES_AGGRESSIVE;
				CLANG_CXX_LANGUAGE_STANDARD = "gnu++14";
				CLANG_CXX_LIBRARY = "libc++";
				CLANG_ENABLE_MODULES = YES;
				CLANG_ENABLE_OBJC_ARC = YES;
				CLANG_ENABLE_OBJC_WEAK = YES;
				CLANG_WARN_BLOCK_CAPTURE_AUTORELEASING = YES;
				CLANG_WARN_BOOL_CONVERSION = YES;
				CLANG_WARN_COMMA = YES;
				CLANG_WARN_CONSTANT_CONVERSION = YES;
				CLANG_WARN_DEPRECATED_OBJC_IMPLEMENTATIONS = YES;
				CLANG_WARN_DIRECT_OBJC_ISA_USAGE = YES_ERROR;
				CLANG_WARN_DOCUMENTATION_COMMENTS = YES;
				CLANG_WARN_EMPTY_BODY = YES;
				CLANG_WARN_ENUM_CONVERSION = YES;
				CLANG_WARN_INFINITE_RECURSION = YES;
				CLANG_WARN_INT_CONVERSION = YES;
				CLANG_WARN_NON_LITERAL_NULL_CONVERSION = YES;
				CLANG_WARN_OBJC_IMPLICIT_RETAIN_SELF = YES;
				CLANG_WARN_OBJC_LITERAL_CONVERSION = YES;
				CLANG_WARN_OBJC_ROOT_CLASS = YES_ERROR;
				CLANG_WARN_QUOTED_INCLUDE_IN_FRAMEWORK_HEADER = YES;
				CLANG_WARN_RANGE_LOOP_ANALYSIS = YES;
				CLANG_WARN_STRICT_PROTOTYPES = YES;
				CLANG_WARN_SUSPICIOUS_MOVE = YES;
				CLANG_WARN_UNGUARDED_AVAILABILITY = YES_AGGRESSIVE;
				CLANG_WARN_UNREACHABLE_CODE = YES;
				CLANG_WARN__DUPLICATE_METHOD_MATCH = YES;
				COPY_PHASE_STRIP = NO;
				DEBUG_INFORMATION_FORMAT = "dwarf-with-dsym";
				ENABLE_NS_ASSERTIONS = NO;
				ENABLE_STRICT_OBJC_MSGSEND = YES;
				GCC_C_LANGUAGE_STANDARD = gnu11;
				GCC_NO_COMMON_BLOCKS = YES;
				GCC_WARN_64_TO_32_BIT_CONVERSION = YES;
				GCC_WARN_ABOUT_RETURN_TYPE = YES_ERROR;
				GCC_WARN_UNDECLARED_SELECTOR = YES;
				GCC_WARN_UNINITIALIZED_AUTOS = YES_AGGRESSIVE;
				GCC_WARN_UNUSED_FUNCTION = YES;
				GCC_WARN_UNUSED_VARIABLE = YES;
				IPHONEOS_DEPLOYMENT_TARGET = 14.1;
				MTL_ENABLE_DEBUG_INFO = NO;
				MTL_FAST_MATH = YES;
				SDKROOT = iphoneos;
				SWIFT_COMPILATION_MODE = wholemodule;
				SWIFT_OPTIMIZATION_LEVEL = "-O";
				VALIDATE_PRODUCT = YES;
			};
			name = Release;
		};
		6E0501D0255DC7F2002EFE42 /* Debug */ = {
			isa = XCBuildConfiguration;
			baseConfigurationReference = 3CEE109A9E23023E6AE92EB4 /* Pods-TeachMe.debug.xcconfig */;
			buildSettings = {
				ASSETCATALOG_COMPILER_APPICON_NAME = AppIcon;
				ASSETCATALOG_COMPILER_GLOBAL_ACCENT_COLOR_NAME = AccentColor;
				CODE_SIGN_STYLE = Automatic;
				DEVELOPMENT_TEAM = MHS763H9L9;
				INFOPLIST_FILE = TeachMe/Info.plist;
				LD_RUNPATH_SEARCH_PATHS = (
					"$(inherited)",
					"@executable_path/Frameworks",
				);
				PRODUCT_BUNDLE_IDENTIFIER = com.jkim.TeachMe;
				PRODUCT_NAME = "$(TARGET_NAME)";
				SWIFT_VERSION = 5.0;
				TARGETED_DEVICE_FAMILY = "1,2";
			};
			name = Debug;
		};
		6E0501D1255DC7F2002EFE42 /* Release */ = {
			isa = XCBuildConfiguration;
			baseConfigurationReference = 3ED97F79DAE8EAD181373123 /* Pods-TeachMe.release.xcconfig */;
			buildSettings = {
				ASSETCATALOG_COMPILER_APPICON_NAME = AppIcon;
				ASSETCATALOG_COMPILER_GLOBAL_ACCENT_COLOR_NAME = AccentColor;
				CODE_SIGN_STYLE = Automatic;
				DEVELOPMENT_TEAM = MHS763H9L9;
				INFOPLIST_FILE = TeachMe/Info.plist;
				LD_RUNPATH_SEARCH_PATHS = (
					"$(inherited)",
					"@executable_path/Frameworks",
				);
				PRODUCT_BUNDLE_IDENTIFIER = com.jkim.TeachMe;
				PRODUCT_NAME = "$(TARGET_NAME)";
				SWIFT_VERSION = 5.0;
				TARGETED_DEVICE_FAMILY = "1,2";
			};
			name = Release;
		};
/* End XCBuildConfiguration section */

/* Begin XCConfigurationList section */
		6E0501B6255DC7F1002EFE42 /* Build configuration list for PBXProject "TeachMe" */ = {
			isa = XCConfigurationList;
			buildConfigurations = (
				6E0501CD255DC7F2002EFE42 /* Debug */,
				6E0501CE255DC7F2002EFE42 /* Release */,
			);
			defaultConfigurationIsVisible = 0;
			defaultConfigurationName = Release;
		};
		6E0501CF255DC7F2002EFE42 /* Build configuration list for PBXNativeTarget "TeachMe" */ = {
			isa = XCConfigurationList;
			buildConfigurations = (
				6E0501D0255DC7F2002EFE42 /* Debug */,
				6E0501D1255DC7F2002EFE42 /* Release */,
			);
			defaultConfigurationIsVisible = 0;
			defaultConfigurationName = Release;
		};
/* End XCConfigurationList section */
	};
	rootObject = 6E0501B3255DC7F1002EFE42 /* Project object */;
}
